
Microsoft Visual Studio Solution File, Format Version 12.00
# Visual Studio Version 17
VisualStudioVersion = 17.9.34622.214
MinimumVisualStudioVersion = 10.0.40219.1
Project("{8BC9CEB8-8B4A-11D0-8D11-00A0C91BC942}") = "mp2-lab6-tables", "mp2-lab6-tables\mp2-lab6-tables.vcxproj", "{879AF43E-6A1C-4BDF-BB79-3D5B4BB1455C}"
EndProject
Global
	GlobalSection(SolutionConfigurationPlatforms) = preSolution
		Debug|x64 = Debug|x64
		Debug|x86 = Debug|x86
		Release|x64 = Release|x64
		Release|x86 = Release|x86
	EndGlobalSection
	GlobalSection(ProjectConfigurationPlatforms) = postSolution
		{879AF43E-6A1C-4BDF-BB79-3D5B4BB1455C}.Debug|x64.ActiveCfg = Debug|x64
		{879AF43E-6A1C-4BDF-BB79-3D5B4BB1455C}.Debug|x64.Build.0 = Debug|x64
		{879AF43E-6A1C-4BDF-BB79-3D5B4BB1455C}.Debug|x86.ActiveCfg = Debug|Win32
		{879AF43E-6A1C-4BDF-BB79-3D5B4BB1455C}.Debug|x86.Build.0 = Debug|Win32
		{879AF43E-6A1C-4BDF-BB79-3D5B4BB1455C}.Release|x64.ActiveCfg = Release|x64
		{879AF43E-6A1C-4BDF-BB79-3D5B4BB1455C}.Release|x64.Build.0 = Release|x64
		{879AF43E-6A1C-4BDF-BB79-3D5B4BB1455C}.Release|x86.ActiveCfg = Release|Win32
		{879AF43E-6A1C-4BDF-BB79-3D5B4BB1455C}.Release|x86.Build.0 = Release|Win32
	EndGlobalSection
	GlobalSection(SolutionProperties) = preSolution
		HideSolutionNode = FALSE
	EndGlobalSection
	GlobalSection(ExtensibilityGlobals) = postSolution
		SolutionGuid = {D6D4DD37-60BC-4388-8E21-AB153497A981}
	EndGlobalSection
EndGlobal
